
Microsoft Visual Studio Solution File, Format Version 12.00
# Visual Studio 15
VisualStudioVersion = 15.0.26730.10
MinimumVisualStudioVersion = 10.0.40219.1
Project("{2150E333-8FDC-42A3-9474-1A3956D46DE8}") = "1- Infrastructure（基础设施层）", "1- Infrastructure（基础设施层）", "{F2A7B21F-672A-4F82-B1AB-33A5DDED9A68}"
EndProject
Project("{2150E333-8FDC-42A3-9474-1A3956D46DE8}") = "2- Core (业务核心层)", "2- Core (业务核心层)", "{C9AC211F-ACDC-4046-AE65-84BD12D66241}"
EndProject
Project("{2150E333-8FDC-42A3-9474-1A3956D46DE8}") = "3- Application (站点应用层)", "3- Application (站点应用层)", "{F4C2D2E8-2670-4F73-BDF8-8BB837921FF2}"
EndProject
Project("{2150E333-8FDC-42A3-9474-1A3956D46DE8}") = "4- Presentation (展现层)", "4- Presentation (展现层)", "{5EA52E07-B4FB-4E61-ACC9-BE067C56F9B7}"
EndProject
Project("{9A19103F-16F7-4668-BE54-9A1E7A4F7556}") = "Ruiec.Admin", "Ruiec.Admin\Ruiec.Admin.csproj", "{D4E9A372-36CE-4B1C-A1D5-5AC4BB57AF85}"
EndProject
Project("{9A19103F-16F7-4668-BE54-9A1E7A4F7556}") = "Vic.Core.Data", "Vic.Component.Data\Vic.Core.Data.csproj", "{3A8C5C5C-9B24-40A1-A74E-F8C696F0A0BA}"
EndProject
Project("{9A19103F-16F7-4668-BE54-9A1E7A4F7556}") = "Vic.Core.Application", "Vic.Core.Application\Vic.Core.Application.csproj", "{66BB530A-493A-4D5B-BEA6-2A46F6D865DB}"
EndProject
Project("{9A19103F-16F7-4668-BE54-9A1E7A4F7556}") = "Vic.Core.Utils", "Vic.Core.Utils\Vic.Core.Utils.csproj", "{A9A72359-A136-48FE-B772-7C224F82F510}"
EndProject
Project("{9A19103F-16F7-4668-BE54-9A1E7A4F7556}") = "Ruiec.Home", "Ruiec.Home\Ruiec.Home.csproj", "{7690370E-0DA2-4F51-B1F6-B9032B358A5D}"
EndProject
Project("{9A19103F-16F7-4668-BE54-9A1E7A4F7556}") = "Vic.Core.UnitTest", "Vic.Core.UnitTest\Vic.Core.UnitTest.csproj", "{1926B5AB-2D81-422E-82D7-EBBD2D8FBBE5}"
EndProject
Project("{9A19103F-16F7-4668-BE54-9A1E7A4F7556}") = "Vic.Core.Domain", "Vic.Core.Domain\Vic.Core.Domain.csproj", "{2B304AAB-3C37-4008-9453-61E4A500B7B8}"
EndProject
Project("{9A19103F-16F7-4668-BE54-9A1E7A4F7556}") = "Ruiec.WebUI", "Ruiec.WebUI\Ruiec.WebUI.csproj", "{F0768C21-FE13-4D37-9257-406A1F09E09F}"
EndProject
Project("{9A19103F-16F7-4668-BE54-9A1E7A4F7556}") = "Ruiec.DataSpider", "Ruiec.DataSpider\Ruiec.DataSpider.csproj", "{047BAFF0-5295-4052-A90D-F9DE478A02CE}"
EndProject
Project("{FAE04EC0-301F-11D3-BF4B-00C04F79EFBC}") = "WinApp", "WinApp\WinApp.csproj", "{0C9D87E4-EDC8-45CC-917A-14D3E6C96773}"
EndProject
Project("{FAE04EC0-301F-11D3-BF4B-00C04F79EFBC}") = "Ruiec.WebApi", "Ruiec.WebApi\Ruiec.WebApi.csproj", "{39428DBC-2582-4831-B6D3-8C1FA74EEA79}"
EndProject
Global
	GlobalSection(SolutionConfigurationPlatforms) = preSolution
		Debug|Any CPU = Debug|Any CPU
		Release|Any CPU = Release|Any CPU
	EndGlobalSection
	GlobalSection(ProjectConfigurationPlatforms) = postSolution
		{D4E9A372-36CE-4B1C-A1D5-5AC4BB57AF85}.Debug|Any CPU.ActiveCfg = Debug|Any CPU
		{D4E9A372-36CE-4B1C-A1D5-5AC4BB57AF85}.Debug|Any CPU.Build.0 = Debug|Any CPU
		{D4E9A372-36CE-4B1C-A1D5-5AC4BB57AF85}.Release|Any CPU.ActiveCfg = Release|Any CPU
		{D4E9A372-36CE-4B1C-A1D5-5AC4BB57AF85}.Release|Any CPU.Build.0 = Release|Any CPU
		{3A8C5C5C-9B24-40A1-A74E-F8C696F0A0BA}.Debug|Any CPU.ActiveCfg = Debug|Any CPU
		{3A8C5C5C-9B24-40A1-A74E-F8C696F0A0BA}.Debug|Any CPU.Build.0 = Debug|Any CPU
		{3A8C5C5C-9B24-40A1-A74E-F8C696F0A0BA}.Release|Any CPU.ActiveCfg = Release|Any CPU
		{3A8C5C5C-9B24-40A1-A74E-F8C696F0A0BA}.Release|Any CPU.Build.0 = Release|Any CPU
		{66BB530A-493A-4D5B-BEA6-2A46F6D865DB}.Debug|Any CPU.ActiveCfg = Debug|Any CPU
		{66BB530A-493A-4D5B-BEA6-2A46F6D865DB}.Debug|Any CPU.Build.0 = Debug|Any CPU
		{66BB530A-493A-4D5B-BEA6-2A46F6D865DB}.Release|Any CPU.ActiveCfg = Release|Any CPU
		{66BB530A-493A-4D5B-BEA6-2A46F6D865DB}.Release|Any CPU.Build.0 = Release|Any CPU
		{A9A72359-A136-48FE-B772-7C224F82F510}.Debug|Any CPU.ActiveCfg = Debug|Any CPU
		{A9A72359-A136-48FE-B772-7C224F82F510}.Debug|Any CPU.Build.0 = Debug|Any CPU
		{A9A72359-A136-48FE-B772-7C224F82F510}.Release|Any CPU.ActiveCfg = Release|Any CPU
		{A9A72359-A136-48FE-B772-7C224F82F510}.Release|Any CPU.Build.0 = Release|Any CPU
		{7690370E-0DA2-4F51-B1F6-B9032B358A5D}.Debug|Any CPU.ActiveCfg = Debug|Any CPU
		{7690370E-0DA2-4F51-B1F6-B9032B358A5D}.Debug|Any CPU.Build.0 = Debug|Any CPU
		{7690370E-0DA2-4F51-B1F6-B9032B358A5D}.Release|Any CPU.ActiveCfg = Release|Any CPU
		{7690370E-0DA2-4F51-B1F6-B9032B358A5D}.Release|Any CPU.Build.0 = Release|Any CPU
		{1926B5AB-2D81-422E-82D7-EBBD2D8FBBE5}.Debug|Any CPU.ActiveCfg = Debug|Any CPU
		{1926B5AB-2D81-422E-82D7-EBBD2D8FBBE5}.Debug|Any CPU.Build.0 = Debug|Any CPU
		{1926B5AB-2D81-422E-82D7-EBBD2D8FBBE5}.Release|Any CPU.ActiveCfg = Release|Any CPU
		{1926B5AB-2D81-422E-82D7-EBBD2D8FBBE5}.Release|Any CPU.Build.0 = Release|Any CPU
		{2B304AAB-3C37-4008-9453-61E4A500B7B8}.Debug|Any CPU.ActiveCfg = Debug|Any CPU
		{2B304AAB-3C37-4008-9453-61E4A500B7B8}.Debug|Any CPU.Build.0 = Debug|Any CPU
		{2B304AAB-3C37-4008-9453-61E4A500B7B8}.Release|Any CPU.ActiveCfg = Release|Any CPU
		{2B304AAB-3C37-4008-9453-61E4A500B7B8}.Release|Any CPU.Build.0 = Release|Any CPU
		{F0768C21-FE13-4D37-9257-406A1F09E09F}.Debug|Any CPU.ActiveCfg = Debug|Any CPU
		{F0768C21-FE13-4D37-9257-406A1F09E09F}.Debug|Any CPU.Build.0 = Debug|Any CPU
		{F0768C21-FE13-4D37-9257-406A1F09E09F}.Release|Any CPU.ActiveCfg = Release|Any CPU
		{F0768C21-FE13-4D37-9257-406A1F09E09F}.Release|Any CPU.Build.0 = Release|Any CPU
		{047BAFF0-5295-4052-A90D-F9DE478A02CE}.Debug|Any CPU.ActiveCfg = Debug|Any CPU
		{047BAFF0-5295-4052-A90D-F9DE478A02CE}.Debug|Any CPU.Build.0 = Debug|Any CPU
		{047BAFF0-5295-4052-A90D-F9DE478A02CE}.Release|Any CPU.ActiveCfg = Release|Any CPU
		{047BAFF0-5295-4052-A90D-F9DE478A02CE}.Release|Any CPU.Build.0 = Release|Any CPU
		{0C9D87E4-EDC8-45CC-917A-14D3E6C96773}.Debug|Any CPU.ActiveCfg = Debug|Any CPU
		{0C9D87E4-EDC8-45CC-917A-14D3E6C96773}.Debug|Any CPU.Build.0 = Debug|Any CPU
		{0C9D87E4-EDC8-45CC-917A-14D3E6C96773}.Release|Any CPU.ActiveCfg = Release|Any CPU
		{0C9D87E4-EDC8-45CC-917A-14D3E6C96773}.Release|Any CPU.Build.0 = Release|Any CPU
		{39428DBC-2582-4831-B6D3-8C1FA74EEA79}.Debug|Any CPU.ActiveCfg = Debug|Any CPU
		{39428DBC-2582-4831-B6D3-8C1FA74EEA79}.Debug|Any CPU.Build.0 = Debug|Any CPU
		{39428DBC-2582-4831-B6D3-8C1FA74EEA79}.Release|Any CPU.ActiveCfg = Release|Any CPU
		{39428DBC-2582-4831-B6D3-8C1FA74EEA79}.Release|Any CPU.Build.0 = Release|Any CPU
	EndGlobalSection
	GlobalSection(SolutionProperties) = preSolution
		HideSolutionNode = FALSE
	EndGlobalSection
	GlobalSection(NestedProjects) = preSolution
		{D4E9A372-36CE-4B1C-A1D5-5AC4BB57AF85} = {5EA52E07-B4FB-4E61-ACC9-BE067C56F9B7}
		{3A8C5C5C-9B24-40A1-A74E-F8C696F0A0BA} = {F2A7B21F-672A-4F82-B1AB-33A5DDED9A68}
		{66BB530A-493A-4D5B-BEA6-2A46F6D865DB} = {F4C2D2E8-2670-4F73-BDF8-8BB837921FF2}
		{A9A72359-A136-48FE-B772-7C224F82F510} = {F2A7B21F-672A-4F82-B1AB-33A5DDED9A68}
		{7690370E-0DA2-4F51-B1F6-B9032B358A5D} = {5EA52E07-B4FB-4E61-ACC9-BE067C56F9B7}
		{1926B5AB-2D81-422E-82D7-EBBD2D8FBBE5} = {5EA52E07-B4FB-4E61-ACC9-BE067C56F9B7}
		{2B304AAB-3C37-4008-9453-61E4A500B7B8} = {C9AC211F-ACDC-4046-AE65-84BD12D66241}
		{F0768C21-FE13-4D37-9257-406A1F09E09F} = {5EA52E07-B4FB-4E61-ACC9-BE067C56F9B7}
		{047BAFF0-5295-4052-A90D-F9DE478A02CE} = {5EA52E07-B4FB-4E61-ACC9-BE067C56F9B7}
		{0C9D87E4-EDC8-45CC-917A-14D3E6C96773} = {5EA52E07-B4FB-4E61-ACC9-BE067C56F9B7}
		{39428DBC-2582-4831-B6D3-8C1FA74EEA79} = {5EA52E07-B4FB-4E61-ACC9-BE067C56F9B7}
	EndGlobalSection
	GlobalSection(ExtensibilityGlobals) = postSolution
		SolutionGuid = {AF177AF9-6F03-42BF-9200-D7F9567D788D}
	EndGlobalSection
EndGlobal
